<?xml version="1.0" encoding="utf-8"?>
<Project ToolsVersion="4.0" xmlns="http://schemas.microsoft.com/developer/msbuild/2003">
  <ItemGroup>
    <None Include="PropertySheet.props" />
    <None Include="packages.config" />
  </ItemGroup>
  <ItemGroup>
    <ClCompile Include="main.cpp" />
    <ClCompile Include="pch.cpp" />
    <ClCompile Include="CaptureSnapshot.cpp" />
    <ClCompile Include="FullscreenMaxRateWindow.cpp" />
    <ClCompile Include="FullscreenTransitionWindow.cpp" />
    <ClCompile Include="HDRContentWindow.cpp" />
  </ItemGroup>
  <ItemGroup>
    <ClInclude Include="pch.h" />
    <ClInclude Include="capture.interop.h" />
    <ClInclude Include="completionSource.h" />
    <ClInclude Include="d3dHelpers.h" />
    <ClInclude Include="direct3d11.interop.h" />
    <ClInclude Include="stream.interop.h" />
    <ClInclude Include="CaptureSnapshot.h" />
    <ClInclude Include="DesktopWindow.h" />
    <ClInclude Include="FrameTimer.h" />
    <ClInclude Include="FullscreenMaxRateWindow.h" />
    <ClInclude Include="wcliparse.h" />
    <ClInclude Include="FullscreenTransitionWindow.h" />
    <ClInclude Include="HDRContentWindow.h" />
    <ClInclude Include="composition.interop.h" />
    <ClInclude Include="dispatcherqueue.interop.h" />
  </ItemGroup>
</Project>